
Microsoft Visual Studio Solution File, Format Version 12.00
# Visual Studio Version 17
VisualStudioVersion = 17.3.32901.215
MinimumVisualStudioVersion = 10.0.40219.1
Project("{9A19103F-16F7-4668-BE54-9A1E7A4F7556}") = "SteamParser", "SteamParcer\SteamParser.csproj", "{46EBA2B1-24D1-4892-BD68-3C43F5DF66DF}"
EndProject
Global
	GlobalSection(SolutionConfigurationPlatforms) = preSolution
		Debug|Any CPU = Debug|Any CPU
		Release|Any CPU = Release|Any CPU
	EndGlobalSection
	GlobalSection(ProjectConfigurationPlatforms) = postSolution
		{46EBA2B1-24D1-4892-BD68-3C43F5DF66DF}.Debug|Any CPU.ActiveCfg = Debug|Any CPU
		{46EBA2B1-24D1-4892-BD68-3C43F5DF66DF}.Debug|Any CPU.Build.0 = Debug|Any CPU
		{46EBA2B1-24D1-4892-BD68-3C43F5DF66DF}.Release|Any CPU.ActiveCfg = Release|Any CPU
		{46EBA2B1-24D1-4892-BD68-3C43F5DF66DF}.Release|Any CPU.Build.0 = Release|Any CPU
	EndGlobalSection
	GlobalSection(SolutionProperties) = preSolution
		HideSolutionNode = FALSE
	EndGlobalSection
	GlobalSection(ExtensibilityGlobals) = postSolution
		SolutionGuid = {FEA61504-A84C-4EA5-982B-6846DA15F74D}
	EndGlobalSection
EndGlobal
